
Microsoft Visual Studio Solution File, Format Version 12.00
# Visual Studio 15
VisualStudioVersion = 15.0.27428.2037
MinimumVisualStudioVersion = 10.0.40219.1
Project("{FAE04EC0-301F-11D3-BF4B-00C04F79EFBC}") = "MM-2018-R1", "MM-2018-R1\MM-2018-R1.csproj", "{A17962ED-D352-48E0-912C-A2F604E56343}"
EndProject
Project("{FAE04EC0-301F-11D3-BF4B-00C04F79EFBC}") = "MM-2018-R2", "MM-2018-R2\MM-2018-R2.csproj", "{BA6EDF62-2E59-49EA-A18E-CE05F608E2C7}"
EndProject
Project("{8BC9CEB8-8B4A-11D0-8D11-00A0C91BC942}") = "MM-2018-R2-Cpp", "MM-2018-R2-Cpp\MM-2018-R2-Cpp.vcxproj", "{3DEB109D-9D44-4470-A4F9-8800807B945A}"
EndProject
Global
	GlobalSection(SolutionConfigurationPlatforms) = preSolution
		Debug|Any CPU = Debug|Any CPU
		Debug|x64 = Debug|x64
		Debug|x86 = Debug|x86
		Release|Any CPU = Release|Any CPU
		Release|x64 = Release|x64
		Release|x86 = Release|x86
	EndGlobalSection
	GlobalSection(ProjectConfigurationPlatforms) = postSolution
		{A17962ED-D352-48E0-912C-A2F604E56343}.Debug|Any CPU.ActiveCfg = Debug|Any CPU
		{A17962ED-D352-48E0-912C-A2F604E56343}.Debug|Any CPU.Build.0 = Debug|Any CPU
		{A17962ED-D352-48E0-912C-A2F604E56343}.Debug|x64.ActiveCfg = Debug|Any CPU
		{A17962ED-D352-48E0-912C-A2F604E56343}.Debug|x64.Build.0 = Debug|Any CPU
		{A17962ED-D352-48E0-912C-A2F604E56343}.Debug|x86.ActiveCfg = Debug|Any CPU
		{A17962ED-D352-48E0-912C-A2F604E56343}.Debug|x86.Build.0 = Debug|Any CPU
		{A17962ED-D352-48E0-912C-A2F604E56343}.Release|Any CPU.ActiveCfg = Release|Any CPU
		{A17962ED-D352-48E0-912C-A2F604E56343}.Release|Any CPU.Build.0 = Release|Any CPU
		{A17962ED-D352-48E0-912C-A2F604E56343}.Release|x64.ActiveCfg = Release|Any CPU
		{A17962ED-D352-48E0-912C-A2F604E56343}.Release|x64.Build.0 = Release|Any CPU
		{A17962ED-D352-48E0-912C-A2F604E56343}.Release|x86.ActiveCfg = Release|Any CPU
		{A17962ED-D352-48E0-912C-A2F604E56343}.Release|x86.Build.0 = Release|Any CPU
		{BA6EDF62-2E59-49EA-A18E-CE05F608E2C7}.Debug|Any CPU.ActiveCfg = Debug|Any CPU
		{BA6EDF62-2E59-49EA-A18E-CE05F608E2C7}.Debug|Any CPU.Build.0 = Debug|Any CPU
		{BA6EDF62-2E59-49EA-A18E-CE05F608E2C7}.Debug|x64.ActiveCfg = Debug|Any CPU
		{BA6EDF62-2E59-49EA-A18E-CE05F608E2C7}.Debug|x64.Build.0 = Debug|Any CPU
		{BA6EDF62-2E59-49EA-A18E-CE05F608E2C7}.Debug|x86.ActiveCfg = Debug|Any CPU
		{BA6EDF62-2E59-49EA-A18E-CE05F608E2C7}.Debug|x86.Build.0 = Debug|Any CPU
		{BA6EDF62-2E59-49EA-A18E-CE05F608E2C7}.Release|Any CPU.ActiveCfg = Release|Any CPU
		{BA6EDF62-2E59-49EA-A18E-CE05F608E2C7}.Release|Any CPU.Build.0 = Release|Any CPU
		{BA6EDF62-2E59-49EA-A18E-CE05F608E2C7}.Release|x64.ActiveCfg = Release|Any CPU
		{BA6EDF62-2E59-49EA-A18E-CE05F608E2C7}.Release|x64.Build.0 = Release|Any CPU
		{BA6EDF62-2E59-49EA-A18E-CE05F608E2C7}.Release|x86.ActiveCfg = Release|Any CPU
		{BA6EDF62-2E59-49EA-A18E-CE05F608E2C7}.Release|x86.Build.0 = Release|Any CPU
		{3DEB109D-9D44-4470-A4F9-8800807B945A}.Debug|Any CPU.ActiveCfg = Debug|Win32
		{3DEB109D-9D44-4470-A4F9-8800807B945A}.Debug|Any CPU.Build.0 = Debug|Win32
		{3DEB109D-9D44-4470-A4F9-8800807B945A}.Debug|x64.ActiveCfg = Debug|x64
		{3DEB109D-9D44-4470-A4F9-8800807B945A}.Debug|x64.Build.0 = Debug|x64
		{3DEB109D-9D44-4470-A4F9-8800807B945A}.Debug|x86.ActiveCfg = Debug|Win32
		{3DEB109D-9D44-4470-A4F9-8800807B945A}.Debug|x86.Build.0 = Debug|Win32
		{3DEB109D-9D44-4470-A4F9-8800807B945A}.Release|Any CPU.ActiveCfg = Release|Win32
		{3DEB109D-9D44-4470-A4F9-8800807B945A}.Release|Any CPU.Build.0 = Release|Win32
		{3DEB109D-9D44-4470-A4F9-8800807B945A}.Release|x64.ActiveCfg = Release|x64
		{3DEB109D-9D44-4470-A4F9-8800807B945A}.Release|x64.Build.0 = Release|x64
		{3DEB109D-9D44-4470-A4F9-8800807B945A}.Release|x86.ActiveCfg = Release|Win32
		{3DEB109D-9D44-4470-A4F9-8800807B945A}.Release|x86.Build.0 = Release|Win32
	EndGlobalSection
	GlobalSection(SolutionProperties) = preSolution
		HideSolutionNode = FALSE
	EndGlobalSection
	GlobalSection(ExtensibilityGlobals) = postSolution
		SolutionGuid = {2216B6E3-7DC2-4A40-86A2-1FF8FB0F5CF4}
	EndGlobalSection
EndGlobal
